{
  "originHash" : "48b4fb486eba6219da977d22946bdb1f959d1536855a266595a84f5d95721770",
  "pins" : [
    {
      "identity" : "testcreation-module",
      "kind" : "remoteSourceControl",
      "location" : "https://github.com/cik19281312812812708472-commits/TestCreation-Module",
      "state" : {
        "branch" : "main",
        "revision" : "985fb2ea308be0c3aa7037bcc69d04c786c7fb2d"
      }
    }
  ],
  "version" : 3
}
